<Solution>
  <Project Path="KeeperDomain/KeeperDomain.csproj" Id="afcb2b46-76b1-4d85-8e60-c3681f34a207" />
  <Project Path="KeeperInfrastructure/KeeperInfrastructure.csproj" Id="a29726b8-0c35-422f-a271-3ed16ff1c986" />
  <Project Path="KeeperModels/KeeperModels.csproj" Id="63e2a2de-5cae-47c1-8279-a136413fc1af" />
  <Project Path="KeeperWpf/KeeperWpf.csproj" />
  <Project Path="Tests.Keeper/Tests.Keeper.csproj" Id="6e62a4a1-251d-47e9-b68e-09d2493f2e37" />
</Solution>
